
Microsoft Visual Studio Solution File, Format Version 12.00
# Visual Studio Version 16
VisualStudioVersion = 16.0.32228.343
MinimumVisualStudioVersion = 10.0.40219.1
Project("{9A19103F-16F7-4668-BE54-9A1E7A4F7556}") = "SportsPro", "SportsPro.csproj", "{457F02DD-064D-4EC4-AFB4-1443946F1EC0}"
EndProject
Global
	GlobalSection(SolutionConfigurationPlatforms) = preSolution
		Debug|Any CPU = Debug|Any CPU
		Release|Any CPU = Release|Any CPU
	EndGlobalSection
	GlobalSection(ProjectConfigurationPlatforms) = postSolution
		{457F02DD-064D-4EC4-AFB4-1443946F1EC0}.Debug|Any CPU.ActiveCfg = Debug|Any CPU
		{457F02DD-064D-4EC4-AFB4-1443946F1EC0}.Debug|Any CPU.Build.0 = Debug|Any CPU
		{457F02DD-064D-4EC4-AFB4-1443946F1EC0}.Release|Any CPU.ActiveCfg = Release|Any CPU
		{457F02DD-064D-4EC4-AFB4-1443946F1EC0}.Release|Any CPU.Build.0 = Release|Any CPU
	EndGlobalSection
	GlobalSection(SolutionProperties) = preSolution
		HideSolutionNode = FALSE
	EndGlobalSection
	GlobalSection(ExtensibilityGlobals) = postSolution
		SolutionGuid = {918A6644-8EEA-4F1C-84DA-A71F487C6880}
	EndGlobalSection
EndGlobal
